
Microsoft Visual Studio Solution File, Format Version 12.00
# Visual Studio 14
VisualStudioVersion = 14.0.25123.0
MinimumVisualStudioVersion = 10.0.40219.1
Project("{FAE04EC0-301F-11D3-BF4B-00C04F79EFBC}") = "NWayCache", "NWayCache.csproj", "{C095D739-99BD-402E-A8BB-63D09444222B}"
EndProject
Project("{FAE04EC0-301F-11D3-BF4B-00C04F79EFBC}") = "NWayCache.UnitTests", "UnitTests\NWayCache.UnitTests.csproj", "{D489F2F8-012E-4289-B9DC-082EA0487DC8}"
EndProject
Global
	GlobalSection(SolutionConfigurationPlatforms) = preSolution
		Debug|Any CPU = Debug|Any CPU
		Debug|x86 = Debug|x86
		Release|Any CPU = Release|Any CPU
		Release|x86 = Release|x86
	EndGlobalSection
	GlobalSection(ProjectConfigurationPlatforms) = postSolution
		{C095D739-99BD-402E-A8BB-63D09444222B}.Debug|Any CPU.ActiveCfg = Debug|Any CPU
		{C095D739-99BD-402E-A8BB-63D09444222B}.Debug|Any CPU.Build.0 = Debug|Any CPU
		{C095D739-99BD-402E-A8BB-63D09444222B}.Debug|x86.ActiveCfg = Debug|Any CPU
		{C095D739-99BD-402E-A8BB-63D09444222B}.Debug|x86.Build.0 = Debug|Any CPU
		{C095D739-99BD-402E-A8BB-63D09444222B}.Release|Any CPU.ActiveCfg = Release|Any CPU
		{C095D739-99BD-402E-A8BB-63D09444222B}.Release|Any CPU.Build.0 = Release|Any CPU
		{C095D739-99BD-402E-A8BB-63D09444222B}.Release|x86.ActiveCfg = Release|Any CPU
		{C095D739-99BD-402E-A8BB-63D09444222B}.Release|x86.Build.0 = Release|Any CPU
		{D489F2F8-012E-4289-B9DC-082EA0487DC8}.Debug|Any CPU.ActiveCfg = Debug|Any CPU
		{D489F2F8-012E-4289-B9DC-082EA0487DC8}.Debug|Any CPU.Build.0 = Debug|Any CPU
		{D489F2F8-012E-4289-B9DC-082EA0487DC8}.Debug|x86.ActiveCfg = Debug|Any CPU
		{D489F2F8-012E-4289-B9DC-082EA0487DC8}.Debug|x86.Build.0 = Debug|Any CPU
		{D489F2F8-012E-4289-B9DC-082EA0487DC8}.Release|Any CPU.ActiveCfg = Release|Any CPU
		{D489F2F8-012E-4289-B9DC-082EA0487DC8}.Release|Any CPU.Build.0 = Release|Any CPU
		{D489F2F8-012E-4289-B9DC-082EA0487DC8}.Release|x86.ActiveCfg = Release|Any CPU
		{D489F2F8-012E-4289-B9DC-082EA0487DC8}.Release|x86.Build.0 = Release|Any CPU
	EndGlobalSection
	GlobalSection(SolutionProperties) = preSolution
		HideSolutionNode = FALSE
	EndGlobalSection
EndGlobal
