
Microsoft Visual Studio Solution File, Format Version 12.00
# Visual Studio 2013
VisualStudioVersion = 12.0.40629.0
MinimumVisualStudioVersion = 10.0.40219.1
Project("{FAE04EC0-301F-11D3-BF4B-00C04F79EFBC}") = "Client", "Client\Client.csproj", "{959B63A2-C9D2-4D97-9E9E-8625D1F344A1}"
EndProject
Project("{FAE04EC0-301F-11D3-BF4B-00C04F79EFBC}") = "Core", "Core\Core.csproj", "{C73D169B-0B14-4468-9CE7-EDAF2D9AD940}"
EndProject
Project("{FAE04EC0-301F-11D3-BF4B-00C04F79EFBC}") = "TestClient", "TestClient\TestClient.csproj", "{A0C86CAE-888E-4809-9374-5B6B19FA9A17}"
EndProject
Global
	GlobalSection(SolutionConfigurationPlatforms) = preSolution
		Debug|Any CPU = Debug|Any CPU
		Release|Any CPU = Release|Any CPU
	EndGlobalSection
	GlobalSection(ProjectConfigurationPlatforms) = postSolution
		{959B63A2-C9D2-4D97-9E9E-8625D1F344A1}.Debug|Any CPU.ActiveCfg = Debug|Any CPU
		{959B63A2-C9D2-4D97-9E9E-8625D1F344A1}.Debug|Any CPU.Build.0 = Debug|Any CPU
		{959B63A2-C9D2-4D97-9E9E-8625D1F344A1}.Release|Any CPU.ActiveCfg = Release|Any CPU
		{959B63A2-C9D2-4D97-9E9E-8625D1F344A1}.Release|Any CPU.Build.0 = Release|Any CPU
		{C73D169B-0B14-4468-9CE7-EDAF2D9AD940}.Debug|Any CPU.ActiveCfg = Debug|Any CPU
		{C73D169B-0B14-4468-9CE7-EDAF2D9AD940}.Debug|Any CPU.Build.0 = Debug|Any CPU
		{C73D169B-0B14-4468-9CE7-EDAF2D9AD940}.Release|Any CPU.ActiveCfg = Release|Any CPU
		{C73D169B-0B14-4468-9CE7-EDAF2D9AD940}.Release|Any CPU.Build.0 = Release|Any CPU
		{A0C86CAE-888E-4809-9374-5B6B19FA9A17}.Debug|Any CPU.ActiveCfg = Debug|Any CPU
		{A0C86CAE-888E-4809-9374-5B6B19FA9A17}.Debug|Any CPU.Build.0 = Debug|Any CPU
		{A0C86CAE-888E-4809-9374-5B6B19FA9A17}.Release|Any CPU.ActiveCfg = Release|Any CPU
		{A0C86CAE-888E-4809-9374-5B6B19FA9A17}.Release|Any CPU.Build.0 = Release|Any CPU
	EndGlobalSection
	GlobalSection(SolutionProperties) = preSolution
		HideSolutionNode = FALSE
	EndGlobalSection
EndGlobal
